
Microsoft Visual Studio Solution File, Format Version 12.00
# Visual Studio Version 17
VisualStudioVersion = 17.11.35303.130
MinimumVisualStudioVersion = 10.0.40219.1
Project("{2150E333-8FDC-42A3-9474-1A3956D46DE8}") = "Task0", "Task0", "{60F04FA2-9747-46D0-A514-31B2176A1292}"
EndProject
Project("{FAE04EC0-301F-11D3-BF4B-00C04F79EFBC}") = "Tyuiu.MerzhinskiyOO.Sprint1.Task0.V10", "Tyuiu.MerzhinskiyOO.Sprint1.Task0.V10\Tyuiu.MerzhinskiyOO.Sprint1.Task0.V10.csproj", "{B5FAEC2F-63A0-4353-B80D-468D3186F000}"
EndProject
Project("{FAE04EC0-301F-11D3-BF4B-00C04F79EFBC}") = "Tyuiu.MerzhinskiyOO.Sprint1.Task0.V10.Lib", "Tyuiu.MerzhinskiyOO.Sprint1.Task0.V10.Lib\Tyuiu.MerzhinskiyOO.Sprint1.Task0.V10.Lib.csproj", "{942638AA-1786-4EAF-B547-6A0BE22EB0B2}"
EndProject
Project("{FAE04EC0-301F-11D3-BF4B-00C04F79EFBC}") = "Tyuiu.MerzhinskiyOO.Sprint1.Task0.V10.Test", "Tyuiu.MerzhinskiyOO.Sprint1.Task0.V10.Test\Tyuiu.MerzhinskiyOO.Sprint1.Task0.V10.Test.csproj", "{0B5F3FA6-9A8D-459C-869F-4E5ED0CC8100}"
EndProject
Project("{2150E333-8FDC-42A3-9474-1A3956D46DE8}") = "Task1", "Task1", "{EEB9CC42-FE1F-4B6E-B28D-2B4E819125BA}"
EndProject
Project("{FAE04EC0-301F-11D3-BF4B-00C04F79EFBC}") = "Tyuiu.MerzhinskiyOO.Sprint1.Task1.V25", "Tyuiu.MerzhinskiyOO.Sprint1.Task1.V25\Tyuiu.MerzhinskiyOO.Sprint1.Task1.V25.csproj", "{72D5BFE4-959A-4C8E-B31D-CE0B27C051E8}"
EndProject
Project("{FAE04EC0-301F-11D3-BF4B-00C04F79EFBC}") = "Tyuiu.MerzhinskiyOO.Sprint1.Task1.V25.Lib", "Tyuiu.MerzhinskiyOO.Sprint1.Task1.V25.Lib\Tyuiu.MerzhinskiyOO.Sprint1.Task1.V25.Lib.csproj", "{2743F8BB-1879-4F1A-AB1B-DA3C5D45FA9A}"
EndProject
Project("{FAE04EC0-301F-11D3-BF4B-00C04F79EFBC}") = "Tyuiu.MerzhinskiyOO.Sprint1.Task1.V25.Test", "Tyuiu.MerzhinskiyOO.Sprint1.Task1.V25.Test\Tyuiu.MerzhinskiyOO.Sprint1.Task1.V25.Test.csproj", "{76329AE5-A5E1-430D-AF13-B4431EBE9FA6}"
EndProject
Project("{2150E333-8FDC-42A3-9474-1A3956D46DE8}") = "Task2", "Task2", "{D89A2865-0AC3-473B-8064-2D70A506B113}"
EndProject
Project("{FAE04EC0-301F-11D3-BF4B-00C04F79EFBC}") = "Tyuiu.MerzhinskiyOO.Sprint1.Task2.V9", "Tyuiu.MerzhinskiyOO.Sprint1.Task2.V9\Tyuiu.MerzhinskiyOO.Sprint1.Task2.V9.csproj", "{CB14B80A-314F-4BEE-B6CE-9A40866977E3}"
EndProject
Project("{FAE04EC0-301F-11D3-BF4B-00C04F79EFBC}") = "Tyuiu.MerzhinskiyOO.Sprint1.Task2.V9.Lib", "Tyuiu.MerzhinskiyOO.Sprint1.Task2.V9.Lib\Tyuiu.MerzhinskiyOO.Sprint1.Task2.V9.Lib.csproj", "{A9E34B9F-423F-495D-AAE4-47FC11C4BDE8}"
EndProject
Project("{FAE04EC0-301F-11D3-BF4B-00C04F79EFBC}") = "Tyuiu.MerzhinskiyOO.Sprint1.Task2.V9.Test", "Tyuiu.MerzhinskiyOO.Sprint1.Task2.V9.Test\Tyuiu.MerzhinskiyOO.Sprint1.Task2.V9.Test.csproj", "{01E72623-DC72-47A1-9CE4-56C625BF4853}"
EndProject
Project("{2150E333-8FDC-42A3-9474-1A3956D46DE8}") = "Task3", "Task3", "{7ED3B08C-64E0-4D6A-A7E7-B87AD47E06D0}"
EndProject
Project("{FAE04EC0-301F-11D3-BF4B-00C04F79EFBC}") = "Tyuiu.MerzhinskiyOO.Sprint1.Task3.V15", "Tyuiu.MerzhinskiyOO.Sprint1.Task3.V15\Tyuiu.MerzhinskiyOO.Sprint1.Task3.V15.csproj", "{DF4DA53B-E053-4E88-8DEA-E00C66BDE425}"
EndProject
Project("{FAE04EC0-301F-11D3-BF4B-00C04F79EFBC}") = "Tyuiu.MerzhinskiyOO.Sprint1.Task3.V15.Lib", "Tyuiu.MerzhinskiyOO.Sprint1.Task3.V15.Lib\Tyuiu.MerzhinskiyOO.Sprint1.Task3.V15.Lib.csproj", "{37C93087-6335-4515-8F36-69984BCF799E}"
EndProject
Project("{FAE04EC0-301F-11D3-BF4B-00C04F79EFBC}") = "Tyuiu.MerzhinskiyOO.Sprint1.Task3.V15.Test", "Tyuiu.MerzhinskiyOO.Sprint1.Task3.V15.Test\Tyuiu.MerzhinskiyOO.Sprint1.Task3.V15.Test.csproj", "{8EFD8087-8C8B-44C1-9505-DA8E05BDC016}"
EndProject
Project("{2150E333-8FDC-42A3-9474-1A3956D46DE8}") = "Task4", "Task4", "{714AC1F6-5FFB-46B4-81FC-6CD36B9A0BAA}"
EndProject
Project("{FAE04EC0-301F-11D3-BF4B-00C04F79EFBC}") = "Tyuiu.MerzhinskiyOO.Sprint1.Task4.V3", "Tyuiu.MerzhinskiyOO.Sprint1.Task4.V3\Tyuiu.MerzhinskiyOO.Sprint1.Task4.V3.csproj", "{D7351652-BF85-4CF4-A2F6-C812D25230A7}"
EndProject
Project("{FAE04EC0-301F-11D3-BF4B-00C04F79EFBC}") = "Tyuiu.MerzhinskiyOO.Sprint1.Task4.V3.Lib", "Tyuiu.MerzhinskiyOO.Sprint1.Task4.V3.Lib\Tyuiu.MerzhinskiyOO.Sprint1.Task4.V3.Lib.csproj", "{07A6940F-3823-4311-A484-A518A9177516}"
EndProject
Project("{FAE04EC0-301F-11D3-BF4B-00C04F79EFBC}") = "Tyuiu.MerzhinskiyOO.Sprint1.Task4.V3.Test", "Tyuiu.MerzhinskiyOO.Sprint1.Task4.V3.Test\Tyuiu.MerzhinskiyOO.Sprint1.Task4.V3.Test.csproj", "{B18905CD-0B34-45CA-B076-EB22A24E93E1}"
EndProject
Project("{2150E333-8FDC-42A3-9474-1A3956D46DE8}") = "Task5", "Task5", "{EBAD7D37-4CC6-41B5-8685-533E7BA73100}"
EndProject
Project("{FAE04EC0-301F-11D3-BF4B-00C04F79EFBC}") = "Tyuiu.MerzhinskiyOO.Sprint1.Task5.V1", "Tyuiu.MerzhinskiyOO.Sprint1.Task5.V1\Tyuiu.MerzhinskiyOO.Sprint1.Task5.V1.csproj", "{A4FEAAAE-92FE-4ADD-AD48-E8EA88FA70A3}"
EndProject
Project("{FAE04EC0-301F-11D3-BF4B-00C04F79EFBC}") = "Tyuiu.MerzhinskiyOO.Sprint1.Task5.V1.Lib", "Tyuiu.MerzhinskiyOO.Sprint1.Task5.V1.Lib\Tyuiu.MerzhinskiyOO.Sprint1.Task5.V1.Lib.csproj", "{A1DAD1AE-FF6A-4B96-932A-5574C7CD8187}"
EndProject
Project("{FAE04EC0-301F-11D3-BF4B-00C04F79EFBC}") = "Tyuiu.MerzhinskiyOO.Sprint1.Task5.V1.Test", "Tyuiu.MerzhinskiyOO.Sprint1.Task5.V1.Test\Tyuiu.MerzhinskiyOO.Sprint1.Task5.V1.Test.csproj", "{4A07983C-5162-4056-8FEB-5E3F97509122}"
EndProject
Project("{2150E333-8FDC-42A3-9474-1A3956D46DE8}") = "Task6", "Task6", "{EEBA5CAC-CA4C-41C3-9AFF-FD60A958C2A6}"
EndProject
Project("{FAE04EC0-301F-11D3-BF4B-00C04F79EFBC}") = "Tyuiu.MerzhinskiyOO.Sprint1.Task6.V7", "Tyuiu.MerzhinskiyOO.Sprint1.Task6.V7\Tyuiu.MerzhinskiyOO.Sprint1.Task6.V7.csproj", "{6FC08583-9850-4644-B687-4A886E1D86E8}"
EndProject
Project("{FAE04EC0-301F-11D3-BF4B-00C04F79EFBC}") = "Tyuiu.MerzhinskiyOO.Sprint1.Task6.V7.Lib", "Tyuiu.MerzhinskiyOO.Sprint1.Task6.V7.Lib\Tyuiu.MerzhinskiyOO.Sprint1.Task6.V7.Lib.csproj", "{1314012B-D899-4F54-91E4-918C85BEA118}"
EndProject
Project("{FAE04EC0-301F-11D3-BF4B-00C04F79EFBC}") = "Tyuiu.MerzhinskiyOO.Sprint1.Task6.V7.Test", "Tyuiu.MerzhinskiyOO.Sprint1.Task6.V7.Test\Tyuiu.MerzhinskiyOO.Sprint1.Task6.V7.Test.csproj", "{8DCFDEF8-778D-4674-9734-0FCE84A7054B}"
EndProject
Project("{2150E333-8FDC-42A3-9474-1A3956D46DE8}") = "Task7", "Task7", "{DB66BC7B-95E1-447C-A78F-3EB94307E841}"
EndProject
Project("{FAE04EC0-301F-11D3-BF4B-00C04F79EFBC}") = "Tyuiu.MerzhinskiyOO.Sprint1.Task7.V27", "Tyuiu.MerzhinskiyOO.Sprint1.Task7.V27\Tyuiu.MerzhinskiyOO.Sprint1.Task7.V27.csproj", "{39B2DFC2-ED43-4BCF-8FB7-8BE52D5C945E}"
EndProject
Project("{FAE04EC0-301F-11D3-BF4B-00C04F79EFBC}") = "Tyuiu.MerzhinskiyOO.Sprint1.Task7.V27.Lib", "Tyuiu.MerzhinskiyOO.Sprint1.Task7.V27.Lib\Tyuiu.MerzhinskiyOO.Sprint1.Task7.V27.Lib.csproj", "{3EE88A68-3563-451E-8871-458D9CC997B8}"
EndProject
Project("{FAE04EC0-301F-11D3-BF4B-00C04F79EFBC}") = "Tyuiu.MerzhinskiyOO.Sprint1.Task7.V27.Test", "Tyuiu.MerzhinskiyOO.Sprint1.Task7.V27.Test\Tyuiu.MerzhinskiyOO.Sprint1.Task7.V27.Test.csproj", "{84D3DAE7-3465-45FF-8A7D-EBF5EA260FD4}"
EndProject
Global
	GlobalSection(SolutionConfigurationPlatforms) = preSolution
		Debug|Any CPU = Debug|Any CPU
		Release|Any CPU = Release|Any CPU
	EndGlobalSection
	GlobalSection(ProjectConfigurationPlatforms) = postSolution
		{B5FAEC2F-63A0-4353-B80D-468D3186F000}.Debug|Any CPU.ActiveCfg = Debug|Any CPU
		{B5FAEC2F-63A0-4353-B80D-468D3186F000}.Debug|Any CPU.Build.0 = Debug|Any CPU
		{B5FAEC2F-63A0-4353-B80D-468D3186F000}.Release|Any CPU.ActiveCfg = Release|Any CPU
		{B5FAEC2F-63A0-4353-B80D-468D3186F000}.Release|Any CPU.Build.0 = Release|Any CPU
		{942638AA-1786-4EAF-B547-6A0BE22EB0B2}.Debug|Any CPU.ActiveCfg = Debug|Any CPU
		{942638AA-1786-4EAF-B547-6A0BE22EB0B2}.Debug|Any CPU.Build.0 = Debug|Any CPU
		{942638AA-1786-4EAF-B547-6A0BE22EB0B2}.Release|Any CPU.ActiveCfg = Release|Any CPU
		{942638AA-1786-4EAF-B547-6A0BE22EB0B2}.Release|Any CPU.Build.0 = Release|Any CPU
		{0B5F3FA6-9A8D-459C-869F-4E5ED0CC8100}.Debug|Any CPU.ActiveCfg = Debug|Any CPU
		{0B5F3FA6-9A8D-459C-869F-4E5ED0CC8100}.Debug|Any CPU.Build.0 = Debug|Any CPU
		{0B5F3FA6-9A8D-459C-869F-4E5ED0CC8100}.Release|Any CPU.ActiveCfg = Release|Any CPU
		{0B5F3FA6-9A8D-459C-869F-4E5ED0CC8100}.Release|Any CPU.Build.0 = Release|Any CPU
		{72D5BFE4-959A-4C8E-B31D-CE0B27C051E8}.Debug|Any CPU.ActiveCfg = Debug|Any CPU
		{72D5BFE4-959A-4C8E-B31D-CE0B27C051E8}.Debug|Any CPU.Build.0 = Debug|Any CPU
		{72D5BFE4-959A-4C8E-B31D-CE0B27C051E8}.Release|Any CPU.ActiveCfg = Release|Any CPU
		{72D5BFE4-959A-4C8E-B31D-CE0B27C051E8}.Release|Any CPU.Build.0 = Release|Any CPU
		{2743F8BB-1879-4F1A-AB1B-DA3C5D45FA9A}.Debug|Any CPU.ActiveCfg = Debug|Any CPU
		{2743F8BB-1879-4F1A-AB1B-DA3C5D45FA9A}.Debug|Any CPU.Build.0 = Debug|Any CPU
		{2743F8BB-1879-4F1A-AB1B-DA3C5D45FA9A}.Release|Any CPU.ActiveCfg = Release|Any CPU
		{2743F8BB-1879-4F1A-AB1B-DA3C5D45FA9A}.Release|Any CPU.Build.0 = Release|Any CPU
		{76329AE5-A5E1-430D-AF13-B4431EBE9FA6}.Debug|Any CPU.ActiveCfg = Debug|Any CPU
		{76329AE5-A5E1-430D-AF13-B4431EBE9FA6}.Debug|Any CPU.Build.0 = Debug|Any CPU
		{76329AE5-A5E1-430D-AF13-B4431EBE9FA6}.Release|Any CPU.ActiveCfg = Release|Any CPU
		{76329AE5-A5E1-430D-AF13-B4431EBE9FA6}.Release|Any CPU.Build.0 = Release|Any CPU
		{CB14B80A-314F-4BEE-B6CE-9A40866977E3}.Debug|Any CPU.ActiveCfg = Debug|Any CPU
		{CB14B80A-314F-4BEE-B6CE-9A40866977E3}.Debug|Any CPU.Build.0 = Debug|Any CPU
		{CB14B80A-314F-4BEE-B6CE-9A40866977E3}.Release|Any CPU.ActiveCfg = Release|Any CPU
		{CB14B80A-314F-4BEE-B6CE-9A40866977E3}.Release|Any CPU.Build.0 = Release|Any CPU
		{A9E34B9F-423F-495D-AAE4-47FC11C4BDE8}.Debug|Any CPU.ActiveCfg = Debug|Any CPU
		{A9E34B9F-423F-495D-AAE4-47FC11C4BDE8}.Debug|Any CPU.Build.0 = Debug|Any CPU
		{A9E34B9F-423F-495D-AAE4-47FC11C4BDE8}.Release|Any CPU.ActiveCfg = Release|Any CPU
		{A9E34B9F-423F-495D-AAE4-47FC11C4BDE8}.Release|Any CPU.Build.0 = Release|Any CPU
		{01E72623-DC72-47A1-9CE4-56C625BF4853}.Debug|Any CPU.ActiveCfg = Debug|Any CPU
		{01E72623-DC72-47A1-9CE4-56C625BF4853}.Debug|Any CPU.Build.0 = Debug|Any CPU
		{01E72623-DC72-47A1-9CE4-56C625BF4853}.Release|Any CPU.ActiveCfg = Release|Any CPU
		{01E72623-DC72-47A1-9CE4-56C625BF4853}.Release|Any CPU.Build.0 = Release|Any CPU
		{DF4DA53B-E053-4E88-8DEA-E00C66BDE425}.Debug|Any CPU.ActiveCfg = Debug|Any CPU
		{DF4DA53B-E053-4E88-8DEA-E00C66BDE425}.Debug|Any CPU.Build.0 = Debug|Any CPU
		{DF4DA53B-E053-4E88-8DEA-E00C66BDE425}.Release|Any CPU.ActiveCfg = Release|Any CPU
		{DF4DA53B-E053-4E88-8DEA-E00C66BDE425}.Release|Any CPU.Build.0 = Release|Any CPU
		{37C93087-6335-4515-8F36-69984BCF799E}.Debug|Any CPU.ActiveCfg = Debug|Any CPU
		{37C93087-6335-4515-8F36-69984BCF799E}.Debug|Any CPU.Build.0 = Debug|Any CPU
		{37C93087-6335-4515-8F36-69984BCF799E}.Release|Any CPU.ActiveCfg = Release|Any CPU
		{37C93087-6335-4515-8F36-69984BCF799E}.Release|Any CPU.Build.0 = Release|Any CPU
		{8EFD8087-8C8B-44C1-9505-DA8E05BDC016}.Debug|Any CPU.ActiveCfg = Debug|Any CPU
		{8EFD8087-8C8B-44C1-9505-DA8E05BDC016}.Debug|Any CPU.Build.0 = Debug|Any CPU
		{8EFD8087-8C8B-44C1-9505-DA8E05BDC016}.Release|Any CPU.ActiveCfg = Release|Any CPU
		{8EFD8087-8C8B-44C1-9505-DA8E05BDC016}.Release|Any CPU.Build.0 = Release|Any CPU
		{D7351652-BF85-4CF4-A2F6-C812D25230A7}.Debug|Any CPU.ActiveCfg = Debug|Any CPU
		{D7351652-BF85-4CF4-A2F6-C812D25230A7}.Debug|Any CPU.Build.0 = Debug|Any CPU
		{D7351652-BF85-4CF4-A2F6-C812D25230A7}.Release|Any CPU.ActiveCfg = Release|Any CPU
		{D7351652-BF85-4CF4-A2F6-C812D25230A7}.Release|Any CPU.Build.0 = Release|Any CPU
		{07A6940F-3823-4311-A484-A518A9177516}.Debug|Any CPU.ActiveCfg = Debug|Any CPU
		{07A6940F-3823-4311-A484-A518A9177516}.Debug|Any CPU.Build.0 = Debug|Any CPU
		{07A6940F-3823-4311-A484-A518A9177516}.Release|Any CPU.ActiveCfg = Release|Any CPU
		{07A6940F-3823-4311-A484-A518A9177516}.Release|Any CPU.Build.0 = Release|Any CPU
		{B18905CD-0B34-45CA-B076-EB22A24E93E1}.Debug|Any CPU.ActiveCfg = Debug|Any CPU
		{B18905CD-0B34-45CA-B076-EB22A24E93E1}.Debug|Any CPU.Build.0 = Debug|Any CPU
		{B18905CD-0B34-45CA-B076-EB22A24E93E1}.Release|Any CPU.ActiveCfg = Release|Any CPU
		{B18905CD-0B34-45CA-B076-EB22A24E93E1}.Release|Any CPU.Build.0 = Release|Any CPU
		{A4FEAAAE-92FE-4ADD-AD48-E8EA88FA70A3}.Debug|Any CPU.ActiveCfg = Debug|Any CPU
		{A4FEAAAE-92FE-4ADD-AD48-E8EA88FA70A3}.Debug|Any CPU.Build.0 = Debug|Any CPU
		{A4FEAAAE-92FE-4ADD-AD48-E8EA88FA70A3}.Release|Any CPU.ActiveCfg = Release|Any CPU
		{A4FEAAAE-92FE-4ADD-AD48-E8EA88FA70A3}.Release|Any CPU.Build.0 = Release|Any CPU
		{A1DAD1AE-FF6A-4B96-932A-5574C7CD8187}.Debug|Any CPU.ActiveCfg = Debug|Any CPU
		{A1DAD1AE-FF6A-4B96-932A-5574C7CD8187}.Debug|Any CPU.Build.0 = Debug|Any CPU
		{A1DAD1AE-FF6A-4B96-932A-5574C7CD8187}.Release|Any CPU.ActiveCfg = Release|Any CPU
		{A1DAD1AE-FF6A-4B96-932A-5574C7CD8187}.Release|Any CPU.Build.0 = Release|Any CPU
		{4A07983C-5162-4056-8FEB-5E3F97509122}.Debug|Any CPU.ActiveCfg = Debug|Any CPU
		{4A07983C-5162-4056-8FEB-5E3F97509122}.Debug|Any CPU.Build.0 = Debug|Any CPU
		{4A07983C-5162-4056-8FEB-5E3F97509122}.Release|Any CPU.ActiveCfg = Release|Any CPU
		{4A07983C-5162-4056-8FEB-5E3F97509122}.Release|Any CPU.Build.0 = Release|Any CPU
		{6FC08583-9850-4644-B687-4A886E1D86E8}.Debug|Any CPU.ActiveCfg = Debug|Any CPU
		{6FC08583-9850-4644-B687-4A886E1D86E8}.Debug|Any CPU.Build.0 = Debug|Any CPU
		{6FC08583-9850-4644-B687-4A886E1D86E8}.Release|Any CPU.ActiveCfg = Release|Any CPU
		{6FC08583-9850-4644-B687-4A886E1D86E8}.Release|Any CPU.Build.0 = Release|Any CPU
		{1314012B-D899-4F54-91E4-918C85BEA118}.Debug|Any CPU.ActiveCfg = Debug|Any CPU
		{1314012B-D899-4F54-91E4-918C85BEA118}.Debug|Any CPU.Build.0 = Debug|Any CPU
		{1314012B-D899-4F54-91E4-918C85BEA118}.Release|Any CPU.ActiveCfg = Release|Any CPU
		{1314012B-D899-4F54-91E4-918C85BEA118}.Release|Any CPU.Build.0 = Release|Any CPU
		{8DCFDEF8-778D-4674-9734-0FCE84A7054B}.Debug|Any CPU.ActiveCfg = Debug|Any CPU
		{8DCFDEF8-778D-4674-9734-0FCE84A7054B}.Debug|Any CPU.Build.0 = Debug|Any CPU
		{8DCFDEF8-778D-4674-9734-0FCE84A7054B}.Release|Any CPU.ActiveCfg = Release|Any CPU
		{8DCFDEF8-778D-4674-9734-0FCE84A7054B}.Release|Any CPU.Build.0 = Release|Any CPU
		{39B2DFC2-ED43-4BCF-8FB7-8BE52D5C945E}.Debug|Any CPU.ActiveCfg = Debug|Any CPU
		{39B2DFC2-ED43-4BCF-8FB7-8BE52D5C945E}.Debug|Any CPU.Build.0 = Debug|Any CPU
		{39B2DFC2-ED43-4BCF-8FB7-8BE52D5C945E}.Release|Any CPU.ActiveCfg = Release|Any CPU
		{39B2DFC2-ED43-4BCF-8FB7-8BE52D5C945E}.Release|Any CPU.Build.0 = Release|Any CPU
		{3EE88A68-3563-451E-8871-458D9CC997B8}.Debug|Any CPU.ActiveCfg = Debug|Any CPU
		{3EE88A68-3563-451E-8871-458D9CC997B8}.Debug|Any CPU.Build.0 = Debug|Any CPU
		{3EE88A68-3563-451E-8871-458D9CC997B8}.Release|Any CPU.ActiveCfg = Release|Any CPU
		{3EE88A68-3563-451E-8871-458D9CC997B8}.Release|Any CPU.Build.0 = Release|Any CPU
		{84D3DAE7-3465-45FF-8A7D-EBF5EA260FD4}.Debug|Any CPU.ActiveCfg = Debug|Any CPU
		{84D3DAE7-3465-45FF-8A7D-EBF5EA260FD4}.Debug|Any CPU.Build.0 = Debug|Any CPU
		{84D3DAE7-3465-45FF-8A7D-EBF5EA260FD4}.Release|Any CPU.ActiveCfg = Release|Any CPU
		{84D3DAE7-3465-45FF-8A7D-EBF5EA260FD4}.Release|Any CPU.Build.0 = Release|Any CPU
	EndGlobalSection
	GlobalSection(SolutionProperties) = preSolution
		HideSolutionNode = FALSE
	EndGlobalSection
	GlobalSection(NestedProjects) = preSolution
		{B5FAEC2F-63A0-4353-B80D-468D3186F000} = {60F04FA2-9747-46D0-A514-31B2176A1292}
		{942638AA-1786-4EAF-B547-6A0BE22EB0B2} = {60F04FA2-9747-46D0-A514-31B2176A1292}
		{0B5F3FA6-9A8D-459C-869F-4E5ED0CC8100} = {60F04FA2-9747-46D0-A514-31B2176A1292}
		{72D5BFE4-959A-4C8E-B31D-CE0B27C051E8} = {EEB9CC42-FE1F-4B6E-B28D-2B4E819125BA}
		{2743F8BB-1879-4F1A-AB1B-DA3C5D45FA9A} = {EEB9CC42-FE1F-4B6E-B28D-2B4E819125BA}
		{76329AE5-A5E1-430D-AF13-B4431EBE9FA6} = {EEB9CC42-FE1F-4B6E-B28D-2B4E819125BA}
		{CB14B80A-314F-4BEE-B6CE-9A40866977E3} = {D89A2865-0AC3-473B-8064-2D70A506B113}
		{A9E34B9F-423F-495D-AAE4-47FC11C4BDE8} = {D89A2865-0AC3-473B-8064-2D70A506B113}
		{01E72623-DC72-47A1-9CE4-56C625BF4853} = {D89A2865-0AC3-473B-8064-2D70A506B113}
		{DF4DA53B-E053-4E88-8DEA-E00C66BDE425} = {7ED3B08C-64E0-4D6A-A7E7-B87AD47E06D0}
		{37C93087-6335-4515-8F36-69984BCF799E} = {7ED3B08C-64E0-4D6A-A7E7-B87AD47E06D0}
		{8EFD8087-8C8B-44C1-9505-DA8E05BDC016} = {7ED3B08C-64E0-4D6A-A7E7-B87AD47E06D0}
		{D7351652-BF85-4CF4-A2F6-C812D25230A7} = {714AC1F6-5FFB-46B4-81FC-6CD36B9A0BAA}
		{07A6940F-3823-4311-A484-A518A9177516} = {714AC1F6-5FFB-46B4-81FC-6CD36B9A0BAA}
		{B18905CD-0B34-45CA-B076-EB22A24E93E1} = {714AC1F6-5FFB-46B4-81FC-6CD36B9A0BAA}
		{A4FEAAAE-92FE-4ADD-AD48-E8EA88FA70A3} = {EBAD7D37-4CC6-41B5-8685-533E7BA73100}
		{A1DAD1AE-FF6A-4B96-932A-5574C7CD8187} = {EBAD7D37-4CC6-41B5-8685-533E7BA73100}
		{4A07983C-5162-4056-8FEB-5E3F97509122} = {EBAD7D37-4CC6-41B5-8685-533E7BA73100}
		{6FC08583-9850-4644-B687-4A886E1D86E8} = {EEBA5CAC-CA4C-41C3-9AFF-FD60A958C2A6}
		{1314012B-D899-4F54-91E4-918C85BEA118} = {EEBA5CAC-CA4C-41C3-9AFF-FD60A958C2A6}
		{8DCFDEF8-778D-4674-9734-0FCE84A7054B} = {EEBA5CAC-CA4C-41C3-9AFF-FD60A958C2A6}
		{39B2DFC2-ED43-4BCF-8FB7-8BE52D5C945E} = {DB66BC7B-95E1-447C-A78F-3EB94307E841}
		{3EE88A68-3563-451E-8871-458D9CC997B8} = {DB66BC7B-95E1-447C-A78F-3EB94307E841}
		{84D3DAE7-3465-45FF-8A7D-EBF5EA260FD4} = {DB66BC7B-95E1-447C-A78F-3EB94307E841}
	EndGlobalSection
	GlobalSection(ExtensibilityGlobals) = postSolution
		SolutionGuid = {FA47AE84-99CE-4D71-8A6D-306143C890DF}
	EndGlobalSection
EndGlobal
